
Microsoft Visual Studio Solution File, Format Version 12.00
Project("{FAE04EC0-301F-11D3-BF4B-00C04F79EFBC}") = "LibreLegends.ApiService", "LibreLegends.ApiService\LibreLegends.ApiService.csproj", "{652B3BAB-81F6-4526-A0D6-2DD10B808A04}"
EndProject
Project("{FAE04EC0-301F-11D3-BF4B-00C04F79EFBC}") = "LibreLegends.AppHost", "LibreLegends.AppHost\LibreLegends.AppHost.csproj", "{DFE71F65-6913-4761-94D2-6EA9707DF22E}"
EndProject
Project("{FAE04EC0-301F-11D3-BF4B-00C04F79EFBC}") = "LibreLegends.Game", "LibreLegends.Game\LibreLegends.Game.csproj", "{60F9B5B9-F5F6-42E0-805D-F24139BBA951}"
EndProject
Project("{FAE04EC0-301F-11D3-BF4B-00C04F79EFBC}") = "LibreLegends.ServiceDefaults", "LibreLegends.ServiceDefaults\LibreLegends.ServiceDefaults.csproj", "{61F50371-E513-4E2E-B9D3-20A83307E72D}"
EndProject
Project("{FAE04EC0-301F-11D3-BF4B-00C04F79EFBC}") = "LibreLegends.Web", "LibreLegends.Web\LibreLegends.Web.csproj", "{C779CA6D-5826-436E-8B39-ABDC7B21F711}"
EndProject
Global
	GlobalSection(SolutionConfigurationPlatforms) = preSolution
		Debug|Any CPU = Debug|Any CPU
		Release|Any CPU = Release|Any CPU
	EndGlobalSection
	GlobalSection(ProjectConfigurationPlatforms) = postSolution
		{652B3BAB-81F6-4526-A0D6-2DD10B808A04}.Debug|Any CPU.ActiveCfg = Debug|Any CPU
		{652B3BAB-81F6-4526-A0D6-2DD10B808A04}.Debug|Any CPU.Build.0 = Debug|Any CPU
		{652B3BAB-81F6-4526-A0D6-2DD10B808A04}.Release|Any CPU.ActiveCfg = Release|Any CPU
		{652B3BAB-81F6-4526-A0D6-2DD10B808A04}.Release|Any CPU.Build.0 = Release|Any CPU
		{DFE71F65-6913-4761-94D2-6EA9707DF22E}.Debug|Any CPU.ActiveCfg = Debug|Any CPU
		{DFE71F65-6913-4761-94D2-6EA9707DF22E}.Debug|Any CPU.Build.0 = Debug|Any CPU
		{DFE71F65-6913-4761-94D2-6EA9707DF22E}.Release|Any CPU.ActiveCfg = Release|Any CPU
		{DFE71F65-6913-4761-94D2-6EA9707DF22E}.Release|Any CPU.Build.0 = Release|Any CPU
		{60F9B5B9-F5F6-42E0-805D-F24139BBA951}.Debug|Any CPU.ActiveCfg = Debug|Any CPU
		{60F9B5B9-F5F6-42E0-805D-F24139BBA951}.Debug|Any CPU.Build.0 = Debug|Any CPU
		{60F9B5B9-F5F6-42E0-805D-F24139BBA951}.Release|Any CPU.ActiveCfg = Release|Any CPU
		{60F9B5B9-F5F6-42E0-805D-F24139BBA951}.Release|Any CPU.Build.0 = Release|Any CPU
		{61F50371-E513-4E2E-B9D3-20A83307E72D}.Debug|Any CPU.ActiveCfg = Debug|Any CPU
		{61F50371-E513-4E2E-B9D3-20A83307E72D}.Debug|Any CPU.Build.0 = Debug|Any CPU
		{61F50371-E513-4E2E-B9D3-20A83307E72D}.Release|Any CPU.ActiveCfg = Release|Any CPU
		{61F50371-E513-4E2E-B9D3-20A83307E72D}.Release|Any CPU.Build.0 = Release|Any CPU
		{C779CA6D-5826-436E-8B39-ABDC7B21F711}.Debug|Any CPU.ActiveCfg = Debug|Any CPU
		{C779CA6D-5826-436E-8B39-ABDC7B21F711}.Debug|Any CPU.Build.0 = Debug|Any CPU
		{C779CA6D-5826-436E-8B39-ABDC7B21F711}.Release|Any CPU.ActiveCfg = Release|Any CPU
		{C779CA6D-5826-436E-8B39-ABDC7B21F711}.Release|Any CPU.Build.0 = Release|Any CPU
	EndGlobalSection
EndGlobal
