
Microsoft Visual Studio Solution File, Format Version 12.00
Project("{FAE04EC0-301F-11D3-BF4B-00C04F79EFBC}") = "LibreLegends.AppHost", "LibreLegends.AppHost\LibreLegends.AppHost.csproj", "{DFE71F65-6913-4761-94D2-6EA9707DF22E}"
EndProject
Project("{FAE04EC0-301F-11D3-BF4B-00C04F79EFBC}") = "LibreLegends.ServiceDefaults", "LibreLegends.ServiceDefaults\LibreLegends.ServiceDefaults.csproj", "{61F50371-E513-4E2E-B9D3-20A83307E72D}"
EndProject
Project("{FAE04EC0-301F-11D3-BF4B-00C04F79EFBC}") = "LibreLegends.Infrastructure", "LibreLegends.Infrastructure\LibreLegends.Infrastructure.csproj", "{5D43FD5F-1EC2-49A6-AF5E-3F34B0E12D22}"
EndProject
Project("{FAE04EC0-301F-11D3-BF4B-00C04F79EFBC}") = "LibreLegends.Api", "LibreLegends.Api\LibreLegends.Api.csproj", "{9DC46C48-AC77-4F84-ABF7-70DB80495FB6}"
EndProject
Project("{FAE04EC0-301F-11D3-BF4B-00C04F79EFBC}") = "LibreLegends.WebClient", "LibreLegends.WebClient\LibreLegends.WebClient.csproj", "{A779DF7F-5D8A-44E9-853A-A312ED7B1DEB}"
EndProject
Global
	GlobalSection(SolutionConfigurationPlatforms) = preSolution
		Debug|Any CPU = Debug|Any CPU
		Release|Any CPU = Release|Any CPU
	EndGlobalSection
	GlobalSection(ProjectConfigurationPlatforms) = postSolution
		{DFE71F65-6913-4761-94D2-6EA9707DF22E}.Debug|Any CPU.ActiveCfg = Debug|Any CPU
		{DFE71F65-6913-4761-94D2-6EA9707DF22E}.Debug|Any CPU.Build.0 = Debug|Any CPU
		{DFE71F65-6913-4761-94D2-6EA9707DF22E}.Release|Any CPU.ActiveCfg = Release|Any CPU
		{DFE71F65-6913-4761-94D2-6EA9707DF22E}.Release|Any CPU.Build.0 = Release|Any CPU
		{61F50371-E513-4E2E-B9D3-20A83307E72D}.Debug|Any CPU.ActiveCfg = Debug|Any CPU
		{61F50371-E513-4E2E-B9D3-20A83307E72D}.Debug|Any CPU.Build.0 = Debug|Any CPU
		{61F50371-E513-4E2E-B9D3-20A83307E72D}.Release|Any CPU.ActiveCfg = Release|Any CPU
		{61F50371-E513-4E2E-B9D3-20A83307E72D}.Release|Any CPU.Build.0 = Release|Any CPU
		{5D43FD5F-1EC2-49A6-AF5E-3F34B0E12D22}.Debug|Any CPU.ActiveCfg = Debug|Any CPU
		{5D43FD5F-1EC2-49A6-AF5E-3F34B0E12D22}.Debug|Any CPU.Build.0 = Debug|Any CPU
		{5D43FD5F-1EC2-49A6-AF5E-3F34B0E12D22}.Release|Any CPU.ActiveCfg = Release|Any CPU
		{5D43FD5F-1EC2-49A6-AF5E-3F34B0E12D22}.Release|Any CPU.Build.0 = Release|Any CPU
		{9DC46C48-AC77-4F84-ABF7-70DB80495FB6}.Debug|Any CPU.ActiveCfg = Debug|Any CPU
		{9DC46C48-AC77-4F84-ABF7-70DB80495FB6}.Debug|Any CPU.Build.0 = Debug|Any CPU
		{9DC46C48-AC77-4F84-ABF7-70DB80495FB6}.Release|Any CPU.ActiveCfg = Release|Any CPU
		{9DC46C48-AC77-4F84-ABF7-70DB80495FB6}.Release|Any CPU.Build.0 = Release|Any CPU
		{A779DF7F-5D8A-44E9-853A-A312ED7B1DEB}.Debug|Any CPU.ActiveCfg = Debug|Any CPU
		{A779DF7F-5D8A-44E9-853A-A312ED7B1DEB}.Debug|Any CPU.Build.0 = Debug|Any CPU
		{A779DF7F-5D8A-44E9-853A-A312ED7B1DEB}.Release|Any CPU.ActiveCfg = Release|Any CPU
		{A779DF7F-5D8A-44E9-853A-A312ED7B1DEB}.Release|Any CPU.Build.0 = Release|Any CPU
	EndGlobalSection
EndGlobal
